
Microsoft Visual Studio Solution File, Format Version 12.00
# Visual Studio 15
VisualStudioVersion = 15.0.28307.489
MinimumVisualStudioVersion = 10.0.40219.1
Project("{FAE04EC0-301F-11D3-BF4B-00C04F79EFBC}") = "There Is No Such Thing As A Free Lunch", "There Is No Such Thing As A Free Lunch\There Is No Such Thing As A Free Lunch.csproj", "{02CC6665-DB36-4182-980A-664AA31D6A91}"
EndProject
Global
	GlobalSection(SolutionConfigurationPlatforms) = preSolution
		Debug|Any CPU = Debug|Any CPU
		Release|Any CPU = Release|Any CPU
	EndGlobalSection
	GlobalSection(ProjectConfigurationPlatforms) = postSolution
		{02CC6665-DB36-4182-980A-664AA31D6A91}.Debug|Any CPU.ActiveCfg = Debug|Any CPU
		{02CC6665-DB36-4182-980A-664AA31D6A91}.Debug|Any CPU.Build.0 = Debug|Any CPU
		{02CC6665-DB36-4182-980A-664AA31D6A91}.Release|Any CPU.ActiveCfg = Release|Any CPU
		{02CC6665-DB36-4182-980A-664AA31D6A91}.Release|Any CPU.Build.0 = Release|Any CPU
	EndGlobalSection
	GlobalSection(SolutionProperties) = preSolution
		HideSolutionNode = FALSE
	EndGlobalSection
	GlobalSection(ExtensibilityGlobals) = postSolution
		SolutionGuid = {4129D7C3-3934-471A-9F62-E2F6A2D05816}
	EndGlobalSection
EndGlobal
